<?xml version="1.0" encoding="utf-8"?>
<Project ToolsVersion="4.0" xmlns="http://schemas.microsoft.com/developer/msbuild/2003">
  <ItemGroup>
    <Filter Include="Platform">
      <UniqueIdentifier>{2AC788B4-1694-E3BF-3FAD-D1672BD9184E}</UniqueIdentifier>
    </Filter>
    <Filter Include="Platform\Windows">
      <UniqueIdentifier>{64FBD71A-50F4-F66C-7926-DCF1657ED678}</UniqueIdentifier>
    </Filter>
    <Filter Include="Runic2D">
      <UniqueIdentifier>{DC6BD4C4-484B-5360-5163-DE36BDC1B9C1}</UniqueIdentifier>
    </Filter>
    <Filter Include="Runic2D\Events">
      <UniqueIdentifier>{40A856E6-2C76-4AEC-150A-BB1201772651}</UniqueIdentifier>
    </Filter>
  </ItemGroup>
  <ItemGroup>
    <ClInclude Include="src\Platform\Windows\WindowsWindow.h">
      <Filter>Platform\Windows</Filter>
    </ClInclude>
    <ClInclude Include="src\R2Dpch.h" />
    <ClInclude Include="src\Runic2D.h" />
    <ClInclude Include="src\Runic2D\Application.h">
      <Filter>Runic2D</Filter>
    </ClInclude>
    <ClInclude Include="src\Runic2D\Core.h">
      <Filter>Runic2D</Filter>
    </ClInclude>
    <ClInclude Include="src\Runic2D\EntryPoint.h">
      <Filter>Runic2D</Filter>
    </ClInclude>
    <ClInclude Include="src\Runic2D\Events\ApplicationEvent.h">
      <Filter>Runic2D\Events</Filter>
    </ClInclude>
    <ClInclude Include="src\Runic2D\Events\Event.h">
      <Filter>Runic2D\Events</Filter>
    </ClInclude>
    <ClInclude Include="src\Runic2D\Events\KeyEvent.h">
      <Filter>Runic2D\Events</Filter>
    </ClInclude>
    <ClInclude Include="src\Runic2D\Events\MouseEvent.h">
      <Filter>Runic2D\Events</Filter>
    </ClInclude>
    <ClInclude Include="src\Runic2D\Layer.h">
      <Filter>Runic2D</Filter>
    </ClInclude>
    <ClInclude Include="src\Runic2D\LayerStack.h">
      <Filter>Runic2D</Filter>
    </ClInclude>
    <ClInclude Include="src\Runic2D\Log.h">
      <Filter>Runic2D</Filter>
    </ClInclude>
    <ClInclude Include="src\Runic2D\Window.h">
      <Filter>Runic2D</Filter>
    </ClInclude>
  </ItemGroup>
  <ItemGroup>
    <ClCompile Include="src\Platform\Windows\WindowsWindow.cpp">
      <Filter>Platform\Windows</Filter>
    </ClCompile>
    <ClCompile Include="src\R2Dpch.cpp" />
    <ClCompile Include="src\Runic2D\Application.cpp">
      <Filter>Runic2D</Filter>
    </ClCompile>
    <ClCompile Include="src\Runic2D\Layer.cpp">
      <Filter>Runic2D</Filter>
    </ClCompile>
    <ClCompile Include="src\Runic2D\LayerStack.cpp">
      <Filter>Runic2D</Filter>
    </ClCompile>
    <ClCompile Include="src\Runic2D\Log.cpp">
      <Filter>Runic2D</Filter>
    </ClCompile>
  </ItemGroup>
</Project>