<?xml version="1.0" encoding="utf-8"?>
<Project ToolsVersion="4.0" xmlns="http://schemas.microsoft.com/developer/msbuild/2003">
  <ItemGroup>
    <Filter Include="Runic2D">
      <UniqueIdentifier>{DC6BD4C4-484B-5360-5163-DE36BDC1B9C1}</UniqueIdentifier>
    </Filter>
  </ItemGroup>
  <ItemGroup>
    <ClInclude Include="src\Runic2D.h" />
    <ClInclude Include="src\Runic2D\Application.h">
      <Filter>Runic2D</Filter>
    </ClInclude>
    <ClInclude Include="src\Runic2D\Core.h">
      <Filter>Runic2D</Filter>
    </ClInclude>
    <ClInclude Include="src\Runic2D\EntryPoint.h">
      <Filter>Runic2D</Filter>
    </ClInclude>
    <ClInclude Include="src\Runic2D\Log.h">
      <Filter>Runic2D</Filter>
    </ClInclude>
  </ItemGroup>
  <ItemGroup>
    <ClCompile Include="src\Runic2D\Application.cpp">
      <Filter>Runic2D</Filter>
    </ClCompile>
    <ClCompile Include="src\Runic2D\Log.cpp">
      <Filter>Runic2D</Filter>
    </ClCompile>
  </ItemGroup>
</Project>