<?xml version="1.0" encoding="utf-8"?>
<Project ToolsVersion="4.0" xmlns="http://schemas.microsoft.com/developer/msbuild/2003">
  <ItemGroup>
    <Filter Include="src">
      <UniqueIdentifier>{2DAB880B-99B4-887C-2230-9F7C8E38947C}</UniqueIdentifier>
    </Filter>
    <Filter Include="src\Platform">
      <UniqueIdentifier>{21CA02E5-0D2D-9289-B6B2-CA3FA2F45D0C}</UniqueIdentifier>
    </Filter>
    <Filter Include="src\Platform\OpenGL">
      <UniqueIdentifier>{35A49437-A105-7245-2A73-B8F796D3A804}</UniqueIdentifier>
    </Filter>
    <Filter Include="src\Platform\Windows">
      <UniqueIdentifier>{5B054582-4794-CE4B-F0B2-E246DC20DFF1}</UniqueIdentifier>
    </Filter>
    <Filter Include="src\Runic2D">
      <UniqueIdentifier>{F36B0ECE-5F21-87C3-E815-819A54CA7DC7}</UniqueIdentifier>
    </Filter>
    <Filter Include="src\Runic2D\Assets">
      <UniqueIdentifier>{7563B73A-6147-7890-CAA7-72E3B6AA6212}</UniqueIdentifier>
    </Filter>
    <Filter Include="src\Runic2D\Audio">
      <UniqueIdentifier>{34E4F6BB-A0FA-F451-E971-807355C7C5D9}</UniqueIdentifier>
    </Filter>
    <Filter Include="src\Runic2D\Core">
      <UniqueIdentifier>{2B001899-17F9-36EB-402B-1C702C8316F7}</UniqueIdentifier>
    </Filter>
    <Filter Include="src\Runic2D\Core\App">
      <UniqueIdentifier>{DB063D68-C795-C631-70B4-DA2C5C22D7D7}</UniqueIdentifier>
    </Filter>
    <Filter Include="src\Runic2D\Core\Base">
      <UniqueIdentifier>{952FDE6F-019C-996A-CA8F-31C836BBBBD2}</UniqueIdentifier>
    </Filter>
    <Filter Include="src\Runic2D\Core\Input">
      <UniqueIdentifier>{6AE4296C-56DE-52BE-3F4B-E9CE2BE4B82A}</UniqueIdentifier>
    </Filter>
    <Filter Include="src\Runic2D\Core\Serialization">
      <UniqueIdentifier>{F8C7958D-E4ED-5FF4-CD33-E5BFB9F884C0}</UniqueIdentifier>
    </Filter>
    <Filter Include="src\Runic2D\Core\Threading">
      <UniqueIdentifier>{30A84A69-1CB8-F639-8571-5B5871A0E5D2}</UniqueIdentifier>
    </Filter>
    <Filter Include="src\Runic2D\Debug">
      <UniqueIdentifier>{A96024BC-1577-2252-5EEE-AD73CA43F3D9}</UniqueIdentifier>
    </Filter>
    <Filter Include="src\Runic2D\Events">
      <UniqueIdentifier>{77C83A44-63AC-FB99-CC0C-F6ECB80FE61B}</UniqueIdentifier>
    </Filter>
    <Filter Include="src\Runic2D\ImGui">
      <UniqueIdentifier>{5DCB82BC-C9E1-8052-1259-0C747EAE51DA}</UniqueIdentifier>
    </Filter>
    <Filter Include="src\Runic2D\Math">
      <UniqueIdentifier>{AC401D99-9839-3CEB-C16B-2170ADC31BF7}</UniqueIdentifier>
    </Filter>
    <Filter Include="src\Runic2D\Project">
      <UniqueIdentifier>{3953B211-A5B4-8F1F-2E22-D6D19A82C6DE}</UniqueIdentifier>
    </Filter>
    <Filter Include="src\Runic2D\Renderer">
      <UniqueIdentifier>{F9D00935-E55F-93FE-8E7E-A7F97AECA3A4}</UniqueIdentifier>
    </Filter>
    <Filter Include="src\Runic2D\Scene">
      <UniqueIdentifier>{50C332BD-BCD9-3053-0551-BC7471A601DB}</UniqueIdentifier>
    </Filter>
    <Filter Include="src\Runic2D\Scene\Components">
      <UniqueIdentifier>{65F64CE3-51B1-3C8F-FA68-B5D9E602871F}</UniqueIdentifier>
    </Filter>
    <Filter Include="src\Runic2D\Scripting">
      <UniqueIdentifier>{B5AC97B2-2119-53AD-EA0C-EB0A56387515}</UniqueIdentifier>
    </Filter>
    <Filter Include="src\Runic2D\Systems">
      <UniqueIdentifier>{FA044309-6666-2017-EFD3-66C95B3457D6}</UniqueIdentifier>
    </Filter>
    <Filter Include="src\Runic2D\Utils">
      <UniqueIdentifier>{935760BD-FF6D-5E53-48E5-E974B43A2FDB}</UniqueIdentifier>
    </Filter>
    <Filter Include="vendor">
      <UniqueIdentifier>{B3738122-9F15-ACF8-88D0-BF4C74113349}</UniqueIdentifier>
    </Filter>
    <Filter Include="vendor\lz4">
      <UniqueIdentifier>{5CB6C5A8-486E-07F6-B175-E0519D4CA2E6}</UniqueIdentifier>
    </Filter>
    <Filter Include="vendor\stb_image">
      <UniqueIdentifier>{0DA0BA59-F998-D9AB-22CB-BE300E23B9B7}</UniqueIdentifier>
    </Filter>
  </ItemGroup>
  <ItemGroup>
    <ClInclude Include="src\Platform\OpenGL\OpenGLBuffer.h">
      <Filter>src\Platform\OpenGL</Filter>
    </ClInclude>
    <ClInclude Include="src\Platform\OpenGL\OpenGLContext.h">
      <Filter>src\Platform\OpenGL</Filter>
    </ClInclude>
    <ClInclude Include="src\Platform\OpenGL\OpenGLFrameBuffer.h">
      <Filter>src\Platform\OpenGL</Filter>
    </ClInclude>
    <ClInclude Include="src\Platform\OpenGL\OpenGLRendererAPI.h">
      <Filter>src\Platform\OpenGL</Filter>
    </ClInclude>
    <ClInclude Include="src\Platform\OpenGL\OpenGLShader.h">
      <Filter>src\Platform\OpenGL</Filter>
    </ClInclude>
    <ClInclude Include="src\Platform\OpenGL\OpenGLTexture.h">
      <Filter>src\Platform\OpenGL</Filter>
    </ClInclude>
    <ClInclude Include="src\Platform\OpenGL\OpenGLUniformBuffer.h">
      <Filter>src\Platform\OpenGL</Filter>
    </ClInclude>
    <ClInclude Include="src\Platform\OpenGL\OpenGLVertexArray.h">
      <Filter>src\Platform\OpenGL</Filter>
    </ClInclude>
    <ClInclude Include="src\Platform\Windows\WindowsWindow.h">
      <Filter>src\Platform\Windows</Filter>
    </ClInclude>
    <ClInclude Include="src\R2Dpch.h">
      <Filter>src</Filter>
    </ClInclude>
    <ClInclude Include="src\Runic2D.h">
      <Filter>src</Filter>
    </ClInclude>
    <ClInclude Include="src\Runic2D\Assets\Asset.h">
      <Filter>src\Runic2D\Assets</Filter>
    </ClInclude>
    <ClInclude Include="src\Runic2D\Assets\AssetRegistry.h">
      <Filter>src\Runic2D\Assets</Filter>
    </ClInclude>
    <ClInclude Include="src\Runic2D\Assets\ResourceManager.h">
      <Filter>src\Runic2D\Assets</Filter>
    </ClInclude>
    <ClInclude Include="src\Runic2D\Audio\AudioClip.h">
      <Filter>src\Runic2D\Audio</Filter>
    </ClInclude>
    <ClInclude Include="src\Runic2D\Audio\AudioEngine.h">
      <Filter>src\Runic2D\Audio</Filter>
    </ClInclude>
    <ClInclude Include="src\Runic2D\Core\App\Application.h">
      <Filter>src\Runic2D\Core\App</Filter>
    </ClInclude>
    <ClInclude Include="src\Runic2D\Core\App\EntryPoint.h">
      <Filter>src\Runic2D\Core\App</Filter>
    </ClInclude>
    <ClInclude Include="src\Runic2D\Core\App\Layer.h">
      <Filter>src\Runic2D\Core\App</Filter>
    </ClInclude>
    <ClInclude Include="src\Runic2D\Core\App\LayerStack.h">
      <Filter>src\Runic2D\Core\App</Filter>
    </ClInclude>
    <ClInclude Include="src\Runic2D\Core\App\Window.h">
      <Filter>src\Runic2D\Core\App</Filter>
    </ClInclude>
    <ClInclude Include="src\Runic2D\Core\Base\Assert.h">
      <Filter>src\Runic2D\Core\Base</Filter>
    </ClInclude>
    <ClInclude Include="src\Runic2D\Core\Base\Core.h">
      <Filter>src\Runic2D\Core\Base</Filter>
    </ClInclude>
    <ClInclude Include="src\Runic2D\Core\Base\Log.h">
      <Filter>src\Runic2D\Core\Base</Filter>
    </ClInclude>
    <ClInclude Include="src\Runic2D\Core\Base\Timestep.h">
      <Filter>src\Runic2D\Core\Base</Filter>
    </ClInclude>
    <ClInclude Include="src\Runic2D\Core\Base\UUID.h">
      <Filter>src\Runic2D\Core\Base</Filter>
    </ClInclude>
    <ClInclude Include="src\Runic2D\Core\Input\Input.h">
      <Filter>src\Runic2D\Core\Input</Filter>
    </ClInclude>
    <ClInclude Include="src\Runic2D\Core\Input\InputManager.h">
      <Filter>src\Runic2D\Core\Input</Filter>
    </ClInclude>
    <ClInclude Include="src\Runic2D\Core\Input\KeyCodes.h">
      <Filter>src\Runic2D\Core\Input</Filter>
    </ClInclude>
    <ClInclude Include="src\Runic2D\Core\Input\MouseButtonCodes.h">
      <Filter>src\Runic2D\Core\Input</Filter>
    </ClInclude>
    <ClInclude Include="src\Runic2D\Core\PlatformDetection.h">
      <Filter>src\Runic2D\Core</Filter>
    </ClInclude>
    <ClInclude Include="src\Runic2D\Core\Serialization\Buffer.h">
      <Filter>src\Runic2D\Core\Serialization</Filter>
    </ClInclude>
    <ClInclude Include="src\Runic2D\Core\Serialization\BufferStreamReader.h">
      <Filter>src\Runic2D\Core\Serialization</Filter>
    </ClInclude>
    <ClInclude Include="src\Runic2D\Core\Serialization\BufferStreamWriter.h">
      <Filter>src\Runic2D\Core\Serialization</Filter>
    </ClInclude>
    <ClInclude Include="src\Runic2D\Core\Threading\BackgroundTaskSystem.h">
      <Filter>src\Runic2D\Core\Threading</Filter>
    </ClInclude>
    <ClInclude Include="src\Runic2D\Core\Threading\JobSystem.h">
      <Filter>src\Runic2D\Core\Threading</Filter>
    </ClInclude>
    <ClInclude Include="src\Runic2D\Debug\Instrumentor.h">
      <Filter>src\Runic2D\Debug</Filter>
    </ClInclude>
    <ClInclude Include="src\Runic2D\Events\ApplicationEvent.h">
      <Filter>src\Runic2D\Events</Filter>
    </ClInclude>
    <ClInclude Include="src\Runic2D\Events\Event.h">
      <Filter>src\Runic2D\Events</Filter>
    </ClInclude>
    <ClInclude Include="src\Runic2D\Events\KeyEvent.h">
      <Filter>src\Runic2D\Events</Filter>
    </ClInclude>
    <ClInclude Include="src\Runic2D\Events\MouseEvent.h">
      <Filter>src\Runic2D\Events</Filter>
    </ClInclude>
    <ClInclude Include="src\Runic2D\ImGui\ImGuiLayer.h">
      <Filter>src\Runic2D\ImGui</Filter>
    </ClInclude>
    <ClInclude Include="src\Runic2D\Math\Easing.h">
      <Filter>src\Runic2D\Math</Filter>
    </ClInclude>
    <ClInclude Include="src\Runic2D\Math\Math.h">
      <Filter>src\Runic2D\Math</Filter>
    </ClInclude>
    <ClInclude Include="src\Runic2D\Project\Project.h">
      <Filter>src\Runic2D\Project</Filter>
    </ClInclude>
    <ClInclude Include="src\Runic2D\Project\ProjectSerializer.h">
      <Filter>src\Runic2D\Project</Filter>
    </ClInclude>
    <ClInclude Include="src\Runic2D\Renderer\Animation2D.h">
      <Filter>src\Runic2D\Renderer</Filter>
    </ClInclude>
    <ClInclude Include="src\Runic2D\Renderer\Buffer.h">
      <Filter>src\Runic2D\Renderer</Filter>
    </ClInclude>
    <ClInclude Include="src\Runic2D\Renderer\Camera.h">
      <Filter>src\Runic2D\Renderer</Filter>
    </ClInclude>
    <ClInclude Include="src\Runic2D\Renderer\EditorCamera.h">
      <Filter>src\Runic2D\Renderer</Filter>
    </ClInclude>
    <ClInclude Include="src\Runic2D\Renderer\Font.h">
      <Filter>src\Runic2D\Renderer</Filter>
    </ClInclude>
    <ClInclude Include="src\Runic2D\Renderer\FrameBuffer.h">
      <Filter>src\Runic2D\Renderer</Filter>
    </ClInclude>
    <ClInclude Include="src\Runic2D\Renderer\GraphicsContext.h">
      <Filter>src\Runic2D\Renderer</Filter>
    </ClInclude>
    <ClInclude Include="src\Runic2D\Renderer\RenderCommand.h">
      <Filter>src\Runic2D\Renderer</Filter>
    </ClInclude>
    <ClInclude Include="src\Runic2D\Renderer\Renderer.h">
      <Filter>src\Runic2D\Renderer</Filter>
    </ClInclude>
    <ClInclude Include="src\Runic2D\Renderer\Renderer2D.h">
      <Filter>src\Runic2D\Renderer</Filter>
    </ClInclude>
    <ClInclude Include="src\Runic2D\Renderer\RendererAPI.h">
      <Filter>src\Runic2D\Renderer</Filter>
    </ClInclude>
    <ClInclude Include="src\Runic2D\Renderer\Shader.h">
      <Filter>src\Runic2D\Renderer</Filter>
    </ClInclude>
    <ClInclude Include="src\Runic2D\Renderer\SubTexture2D.h">
      <Filter>src\Runic2D\Renderer</Filter>
    </ClInclude>
    <ClInclude Include="src\Runic2D\Renderer\Texture.h">
      <Filter>src\Runic2D\Renderer</Filter>
    </ClInclude>
    <ClInclude Include="src\Runic2D\Renderer\UniformBuffer.h">
      <Filter>src\Runic2D\Renderer</Filter>
    </ClInclude>
    <ClInclude Include="src\Runic2D\Renderer\VertexArray.h">
      <Filter>src\Runic2D\Renderer</Filter>
    </ClInclude>
    <ClInclude Include="src\Runic2D\Scene\Components\AudioComponents.h">
      <Filter>src\Runic2D\Scene\Components</Filter>
    </ClInclude>
    <ClInclude Include="src\Runic2D\Scene\Components\ComponentRegistry.h">
      <Filter>src\Runic2D\Scene\Components</Filter>
    </ClInclude>
    <ClInclude Include="src\Runic2D\Scene\Components\CoreComponents.h">
      <Filter>src\Runic2D\Scene\Components</Filter>
    </ClInclude>
    <ClInclude Include="src\Runic2D\Scene\Components\MotionComponents.h">
      <Filter>src\Runic2D\Scene\Components</Filter>
    </ClInclude>
    <ClInclude Include="src\Runic2D\Scene\Components\PhysicsComponents.h">
      <Filter>src\Runic2D\Scene\Components</Filter>
    </ClInclude>
    <ClInclude Include="src\Runic2D\Scene\Components\RenderComponents.h">
      <Filter>src\Runic2D\Scene\Components</Filter>
    </ClInclude>
    <ClInclude Include="src\Runic2D\Scene\Components\ScriptingComponents.h">
      <Filter>src\Runic2D\Scene\Components</Filter>
    </ClInclude>
    <ClInclude Include="src\Runic2D\Scene\Components\UIComponents.h">
      <Filter>src\Runic2D\Scene\Components</Filter>
    </ClInclude>
    <ClInclude Include="src\Runic2D\Scene\Entity.h">
      <Filter>src\Runic2D\Scene</Filter>
    </ClInclude>
    <ClInclude Include="src\Runic2D\Scene\Prefab.h">
      <Filter>src\Runic2D\Scene</Filter>
    </ClInclude>
    <ClInclude Include="src\Runic2D\Scene\Scene.h">
      <Filter>src\Runic2D\Scene</Filter>
    </ClInclude>
    <ClInclude Include="src\Runic2D\Scene\SceneCamera.h">
      <Filter>src\Runic2D\Scene</Filter>
    </ClInclude>
    <ClInclude Include="src\Runic2D\Scene\SceneManager.h">
      <Filter>src\Runic2D\Scene</Filter>
    </ClInclude>
    <ClInclude Include="src\Runic2D\Scene\SceneSerializer.h">
      <Filter>src\Runic2D\Scene</Filter>
    </ClInclude>
    <ClInclude Include="src\Runic2D\Scene\ScriptableEntity.h">
      <Filter>src\Runic2D\Scene</Filter>
    </ClInclude>
    <ClInclude Include="src\Runic2D\Scene\Tween.h">
      <Filter>src\Runic2D\Scene</Filter>
    </ClInclude>
    <ClInclude Include="src\Runic2D\Scripting\ScriptEngine.h">
      <Filter>src\Runic2D\Scripting</Filter>
    </ClInclude>
    <ClInclude Include="src\Runic2D\Systems\Animation2DSystem.h">
      <Filter>src\Runic2D\Systems</Filter>
    </ClInclude>
    <ClInclude Include="src\Runic2D\Systems\AudioSystem.h">
      <Filter>src\Runic2D\Systems</Filter>
    </ClInclude>
    <ClInclude Include="src\Runic2D\Systems\DebugSystem.h">
      <Filter>src\Runic2D\Systems</Filter>
    </ClInclude>
    <ClInclude Include="src\Runic2D\Systems\ParticleSystem.h">
      <Filter>src\Runic2D\Systems</Filter>
    </ClInclude>
    <ClInclude Include="src\Runic2D\Systems\PhysicsSystem.h">
      <Filter>src\Runic2D\Systems</Filter>
    </ClInclude>
    <ClInclude Include="src\Runic2D\Systems\Render2DSystem.h">
      <Filter>src\Runic2D\Systems</Filter>
    </ClInclude>
    <ClInclude Include="src\Runic2D\Systems\ScriptingSystem.h">
      <Filter>src\Runic2D\Systems</Filter>
    </ClInclude>
    <ClInclude Include="src\Runic2D\Systems\System.h">
      <Filter>src\Runic2D\Systems</Filter>
    </ClInclude>
    <ClInclude Include="src\Runic2D\Systems\TransformSystem.h">
      <Filter>src\Runic2D\Systems</Filter>
    </ClInclude>
    <ClInclude Include="src\Runic2D\Systems\TweenSystem.h">
      <Filter>src\Runic2D\Systems</Filter>
    </ClInclude>
    <ClInclude Include="src\Runic2D\Systems\UISystem.h">
      <Filter>src\Runic2D\Systems</Filter>
    </ClInclude>
    <ClInclude Include="src\Runic2D\Utils\PlatformUtils.h">
      <Filter>src\Runic2D\Utils</Filter>
    </ClInclude>
    <ClInclude Include="src\Runic2D\Utils\Random.h">
      <Filter>src\Runic2D\Utils</Filter>
    </ClInclude>
    <ClInclude Include="src\Runic2D\Utils\SceneUtils.h">
      <Filter>src\Runic2D\Utils</Filter>
    </ClInclude>
    <ClInclude Include="vendor\lz4\lz4.h">
      <Filter>vendor\lz4</Filter>
    </ClInclude>
    <ClInclude Include="vendor\stb_image\stb_image.h">
      <Filter>vendor\stb_image</Filter>
    </ClInclude>
  </ItemGroup>
  <ItemGroup>
    <ClCompile Include="src\Platform\OpenGL\OpenGLBuffer.cpp">
      <Filter>src\Platform\OpenGL</Filter>
    </ClCompile>
    <ClCompile Include="src\Platform\OpenGL\OpenGLContext.cpp">
      <Filter>src\Platform\OpenGL</Filter>
    </ClCompile>
    <ClCompile Include="src\Platform\OpenGL\OpenGLFrameBuffer.cpp">
      <Filter>src\Platform\OpenGL</Filter>
    </ClCompile>
    <ClCompile Include="src\Platform\OpenGL\OpenGLRendererAPI.cpp">
      <Filter>src\Platform\OpenGL</Filter>
    </ClCompile>
    <ClCompile Include="src\Platform\OpenGL\OpenGLShader.cpp">
      <Filter>src\Platform\OpenGL</Filter>
    </ClCompile>
    <ClCompile Include="src\Platform\OpenGL\OpenGLTexture.cpp">
      <Filter>src\Platform\OpenGL</Filter>
    </ClCompile>
    <ClCompile Include="src\Platform\OpenGL\OpenGLUniformBuffer.cpp">
      <Filter>src\Platform\OpenGL</Filter>
    </ClCompile>
    <ClCompile Include="src\Platform\OpenGL\OpenGLVertexArray.cpp">
      <Filter>src\Platform\OpenGL</Filter>
    </ClCompile>
    <ClCompile Include="src\Platform\Windows\WindowsInput.cpp">
      <Filter>src\Platform\Windows</Filter>
    </ClCompile>
    <ClCompile Include="src\Platform\Windows\WindowsPlatformUtils.cpp">
      <Filter>src\Platform\Windows</Filter>
    </ClCompile>
    <ClCompile Include="src\Platform\Windows\WindowsWindow.cpp">
      <Filter>src\Platform\Windows</Filter>
    </ClCompile>
    <ClCompile Include="src\R2Dpch.cpp">
      <Filter>src</Filter>
    </ClCompile>
    <ClCompile Include="src\Runic2D\Assets\AssetRegistry.cpp">
      <Filter>src\Runic2D\Assets</Filter>
    </ClCompile>
    <ClCompile Include="src\Runic2D\Assets\ResourceManager.cpp">
      <Filter>src\Runic2D\Assets</Filter>
    </ClCompile>
    <ClCompile Include="src\Runic2D\Audio\AudioClip.cpp">
      <Filter>src\Runic2D\Audio</Filter>
    </ClCompile>
    <ClCompile Include="src\Runic2D\Audio\AudioEngine.cpp">
      <Filter>src\Runic2D\Audio</Filter>
    </ClCompile>
    <ClCompile Include="src\Runic2D\Core\App\Application.cpp">
      <Filter>src\Runic2D\Core\App</Filter>
    </ClCompile>
    <ClCompile Include="src\Runic2D\Core\App\Layer.cpp">
      <Filter>src\Runic2D\Core\App</Filter>
    </ClCompile>
    <ClCompile Include="src\Runic2D\Core\App\LayerStack.cpp">
      <Filter>src\Runic2D\Core\App</Filter>
    </ClCompile>
    <ClCompile Include="src\Runic2D\Core\Base\Log.cpp">
      <Filter>src\Runic2D\Core\Base</Filter>
    </ClCompile>
    <ClCompile Include="src\Runic2D\Core\Base\UUID.cpp">
      <Filter>src\Runic2D\Core\Base</Filter>
    </ClCompile>
    <ClCompile Include="src\Runic2D\Core\Input\InputManager.cpp">
      <Filter>src\Runic2D\Core\Input</Filter>
    </ClCompile>
    <ClCompile Include="src\Runic2D\Core\Threading\BackgroundTaskSystem.cpp">
      <Filter>src\Runic2D\Core\Threading</Filter>
    </ClCompile>
    <ClCompile Include="src\Runic2D\Core\Threading\JobSystem.cpp">
      <Filter>src\Runic2D\Core\Threading</Filter>
    </ClCompile>
    <ClCompile Include="src\Runic2D\ImGui\ImGuiBuild.cpp">
      <Filter>src\Runic2D\ImGui</Filter>
    </ClCompile>
    <ClCompile Include="src\Runic2D\ImGui\ImGuiLayer.cpp">
      <Filter>src\Runic2D\ImGui</Filter>
    </ClCompile>
    <ClCompile Include="src\Runic2D\Math\Math.cpp">
      <Filter>src\Runic2D\Math</Filter>
    </ClCompile>
    <ClCompile Include="src\Runic2D\Project\Project.cpp">
      <Filter>src\Runic2D\Project</Filter>
    </ClCompile>
    <ClCompile Include="src\Runic2D\Project\ProjectSerializer.cpp">
      <Filter>src\Runic2D\Project</Filter>
    </ClCompile>
    <ClCompile Include="src\Runic2D\Renderer\Animation2D.cpp">
      <Filter>src\Runic2D\Renderer</Filter>
    </ClCompile>
    <ClCompile Include="src\Runic2D\Renderer\Buffer.cpp">
      <Filter>src\Runic2D\Renderer</Filter>
    </ClCompile>
    <ClCompile Include="src\Runic2D\Renderer\EditorCamera.cpp">
      <Filter>src\Runic2D\Renderer</Filter>
    </ClCompile>
    <ClCompile Include="src\Runic2D\Renderer\Font.cpp">
      <Filter>src\Runic2D\Renderer</Filter>
    </ClCompile>
    <ClCompile Include="src\Runic2D\Renderer\FrameBuffer.cpp">
      <Filter>src\Runic2D\Renderer</Filter>
    </ClCompile>
    <ClCompile Include="src\Runic2D\Renderer\RenderCommand.cpp">
      <Filter>src\Runic2D\Renderer</Filter>
    </ClCompile>
    <ClCompile Include="src\Runic2D\Renderer\Renderer.cpp">
      <Filter>src\Runic2D\Renderer</Filter>
    </ClCompile>
    <ClCompile Include="src\Runic2D\Renderer\Renderer2D.cpp">
      <Filter>src\Runic2D\Renderer</Filter>
    </ClCompile>
    <ClCompile Include="src\Runic2D\Renderer\RendererAPI.cpp">
      <Filter>src\Runic2D\Renderer</Filter>
    </ClCompile>
    <ClCompile Include="src\Runic2D\Renderer\Shader.cpp">
      <Filter>src\Runic2D\Renderer</Filter>
    </ClCompile>
    <ClCompile Include="src\Runic2D\Renderer\SubTexture2D.cpp">
      <Filter>src\Runic2D\Renderer</Filter>
    </ClCompile>
    <ClCompile Include="src\Runic2D\Renderer\Texture.cpp">
      <Filter>src\Runic2D\Renderer</Filter>
    </ClCompile>
    <ClCompile Include="src\Runic2D\Renderer\UniformBuffer.cpp">
      <Filter>src\Runic2D\Renderer</Filter>
    </ClCompile>
    <ClCompile Include="src\Runic2D\Renderer\VertexArray.cpp">
      <Filter>src\Runic2D\Renderer</Filter>
    </ClCompile>
    <ClCompile Include="src\Runic2D\Scene\Components\ComponentRegistry.cpp">
      <Filter>src\Runic2D\Scene\Components</Filter>
    </ClCompile>
    <ClCompile Include="src\Runic2D\Scene\Entity.cpp">
      <Filter>src\Runic2D\Scene</Filter>
    </ClCompile>
    <ClCompile Include="src\Runic2D\Scene\Prefab.cpp">
      <Filter>src\Runic2D\Scene</Filter>
    </ClCompile>
    <ClCompile Include="src\Runic2D\Scene\Scene.cpp">
      <Filter>src\Runic2D\Scene</Filter>
    </ClCompile>
    <ClCompile Include="src\Runic2D\Scene\SceneCamera.cpp">
      <Filter>src\Runic2D\Scene</Filter>
    </ClCompile>
    <ClCompile Include="src\Runic2D\Scene\SceneManager.cpp">
      <Filter>src\Runic2D\Scene</Filter>
    </ClCompile>
    <ClCompile Include="src\Runic2D\Scene\SceneSerializer.cpp">
      <Filter>src\Runic2D\Scene</Filter>
    </ClCompile>
    <ClCompile Include="src\Runic2D\Scripting\ScriptEngine.cpp">
      <Filter>src\Runic2D\Scripting</Filter>
    </ClCompile>
    <ClCompile Include="src\Runic2D\Systems\Animation2DSystem.cpp">
      <Filter>src\Runic2D\Systems</Filter>
    </ClCompile>
    <ClCompile Include="src\Runic2D\Systems\AudioSystem.cpp">
      <Filter>src\Runic2D\Systems</Filter>
    </ClCompile>
    <ClCompile Include="src\Runic2D\Systems\DebugSystem.cpp">
      <Filter>src\Runic2D\Systems</Filter>
    </ClCompile>
    <ClCompile Include="src\Runic2D\Systems\ParticleSystem.cpp">
      <Filter>src\Runic2D\Systems</Filter>
    </ClCompile>
    <ClCompile Include="src\Runic2D\Systems\PhysicsSystem.cpp">
      <Filter>src\Runic2D\Systems</Filter>
    </ClCompile>
    <ClCompile Include="src\Runic2D\Systems\Render2DSystem.cpp">
      <Filter>src\Runic2D\Systems</Filter>
    </ClCompile>
    <ClCompile Include="src\Runic2D\Systems\ScriptingSystem.cpp">
      <Filter>src\Runic2D\Systems</Filter>
    </ClCompile>
    <ClCompile Include="src\Runic2D\Systems\TransformSystem.cpp">
      <Filter>src\Runic2D\Systems</Filter>
    </ClCompile>
    <ClCompile Include="src\Runic2D\Systems\TweenSystem.cpp">
      <Filter>src\Runic2D\Systems</Filter>
    </ClCompile>
    <ClCompile Include="src\Runic2D\Systems\UISystem.cpp">
      <Filter>src\Runic2D\Systems</Filter>
    </ClCompile>
    <ClCompile Include="src\Runic2D\Utils\Random.cpp">
      <Filter>src\Runic2D\Utils</Filter>
    </ClCompile>
    <ClCompile Include="src\Runic2D\Utils\SceneUtils.cpp">
      <Filter>src\Runic2D\Utils</Filter>
    </ClCompile>
    <ClCompile Include="vendor\lz4\lz4.c">
      <Filter>vendor\lz4</Filter>
    </ClCompile>
    <ClCompile Include="vendor\stb_image\stb_image.cpp">
      <Filter>vendor\stb_image</Filter>
    </ClCompile>
  </ItemGroup>
</Project>